
Microsoft Visual Studio Solution File, Format Version 12.00
# Visual Studio Version 17
VisualStudioVersion = 17.4.33213.308
MinimumVisualStudioVersion = 10.0.40219.1
Project("{FAE04EC0-301F-11D3-BF4B-00C04F79EFBC}") = "program 1", "program 1\program 1.csproj", "{5CFCDE67-E4F9-474E-AB03-72568B1B50F4}"
EndProject
Global
	GlobalSection(SolutionConfigurationPlatforms) = preSolution
		Debug|Any CPU = Debug|Any CPU
		Release|Any CPU = Release|Any CPU
	EndGlobalSection
	GlobalSection(ProjectConfigurationPlatforms) = postSolution
		{5CFCDE67-E4F9-474E-AB03-72568B1B50F4}.Debug|Any CPU.ActiveCfg = Debug|Any CPU
		{5CFCDE67-E4F9-474E-AB03-72568B1B50F4}.Debug|Any CPU.Build.0 = Debug|Any CPU
		{5CFCDE67-E4F9-474E-AB03-72568B1B50F4}.Release|Any CPU.ActiveCfg = Release|Any CPU
		{5CFCDE67-E4F9-474E-AB03-72568B1B50F4}.Release|Any CPU.Build.0 = Release|Any CPU
	EndGlobalSection
	GlobalSection(SolutionProperties) = preSolution
		HideSolutionNode = FALSE
	EndGlobalSection
	GlobalSection(ExtensibilityGlobals) = postSolution
		SolutionGuid = {E99A9665-8B21-47B1-B2DB-072EBB9CB6B4}
	EndGlobalSection
EndGlobal
